
Microsoft Visual Studio Solution File, Format Version 12.00
# Visual Studio Version 16
VisualStudioVersion = 16.0.29509.3
MinimumVisualStudioVersion = 10.0.40219.1
Project("{FAE04EC0-301F-11D3-BF4B-00C04F79EFBC}") = "PROJGCPSJ", "PROJGCPSJ\PROJGCPSJ.csproj", "{4B07B46C-3657-4E23-BCEE-81DDD79A7D6E}"
EndProject
Global
	GlobalSection(SolutionConfigurationPlatforms) = preSolution
		Debug|Any CPU = Debug|Any CPU
		Release|Any CPU = Release|Any CPU
	EndGlobalSection
	GlobalSection(ProjectConfigurationPlatforms) = postSolution
		{4B07B46C-3657-4E23-BCEE-81DDD79A7D6E}.Debug|Any CPU.ActiveCfg = Debug|Any CPU
		{4B07B46C-3657-4E23-BCEE-81DDD79A7D6E}.Debug|Any CPU.Build.0 = Debug|Any CPU
		{4B07B46C-3657-4E23-BCEE-81DDD79A7D6E}.Release|Any CPU.ActiveCfg = Release|Any CPU
		{4B07B46C-3657-4E23-BCEE-81DDD79A7D6E}.Release|Any CPU.Build.0 = Release|Any CPU
	EndGlobalSection
	GlobalSection(SolutionProperties) = preSolution
		HideSolutionNode = FALSE
	EndGlobalSection
	GlobalSection(ExtensibilityGlobals) = postSolution
		SolutionGuid = {FFE3F42A-D655-42C2-87B7-D1DBCD35E7CA}
	EndGlobalSection
EndGlobal
